
Microsoft Visual Studio Solution File, Format Version 12.00
# Visual Studio Version 16
VisualStudioVersion = 16.0.31515.178
MinimumVisualStudioVersion = 10.0.40219.1
Project("{FAE04EC0-301F-11D3-BF4B-00C04F79EFBC}") = "Selenium Walkthrough", "Selenium Walkthrough\Selenium Walkthrough.csproj", "{003E5FF2-C42A-4B76-8C86-CB0649468446}"
EndProject
Global
	GlobalSection(SolutionConfigurationPlatforms) = preSolution
		Debug|Any CPU = Debug|Any CPU
		Release|Any CPU = Release|Any CPU
	EndGlobalSection
	GlobalSection(ProjectConfigurationPlatforms) = postSolution
		{003E5FF2-C42A-4B76-8C86-CB0649468446}.Debug|Any CPU.ActiveCfg = Debug|Any CPU
		{003E5FF2-C42A-4B76-8C86-CB0649468446}.Debug|Any CPU.Build.0 = Debug|Any CPU
		{003E5FF2-C42A-4B76-8C86-CB0649468446}.Release|Any CPU.ActiveCfg = Release|Any CPU
		{003E5FF2-C42A-4B76-8C86-CB0649468446}.Release|Any CPU.Build.0 = Release|Any CPU
	EndGlobalSection
	GlobalSection(SolutionProperties) = preSolution
		HideSolutionNode = FALSE
	EndGlobalSection
	GlobalSection(ExtensibilityGlobals) = postSolution
		SolutionGuid = {426F82E0-D949-4A32-9D59-52958554CD21}
	EndGlobalSection
EndGlobal
